
Microsoft Visual Studio Solution File, Format Version 12.00
# Visual Studio Version 16
VisualStudioVersion = 16.0.30711.63
MinimumVisualStudioVersion = 10.0.40219.1
Project("{FAE04EC0-301F-11D3-BF4B-00C04F79EFBC}") = "KataApplication", "KataApplication.csproj", "{7841BE4A-9EF6-40A0-B698-D95CCC1FF5BA}"
EndProject
Project("{FAE04EC0-301F-11D3-BF4B-00C04F79EFBC}") = "ApplicationTest", "..\ApplicationTest\ApplicationTest.csproj", "{449B6EC2-4DBB-4976-92A1-A10EB501D707}"
EndProject
Global
	GlobalSection(SolutionConfigurationPlatforms) = preSolution
		Debug|Any CPU = Debug|Any CPU
		Release|Any CPU = Release|Any CPU
	EndGlobalSection
	GlobalSection(ProjectConfigurationPlatforms) = postSolution
		{7841BE4A-9EF6-40A0-B698-D95CCC1FF5BA}.Debug|Any CPU.ActiveCfg = Debug|Any CPU
		{7841BE4A-9EF6-40A0-B698-D95CCC1FF5BA}.Debug|Any CPU.Build.0 = Debug|Any CPU
		{7841BE4A-9EF6-40A0-B698-D95CCC1FF5BA}.Release|Any CPU.ActiveCfg = Release|Any CPU
		{7841BE4A-9EF6-40A0-B698-D95CCC1FF5BA}.Release|Any CPU.Build.0 = Release|Any CPU
		{449B6EC2-4DBB-4976-92A1-A10EB501D707}.Debug|Any CPU.ActiveCfg = Debug|Any CPU
		{449B6EC2-4DBB-4976-92A1-A10EB501D707}.Debug|Any CPU.Build.0 = Debug|Any CPU
		{449B6EC2-4DBB-4976-92A1-A10EB501D707}.Release|Any CPU.ActiveCfg = Release|Any CPU
		{449B6EC2-4DBB-4976-92A1-A10EB501D707}.Release|Any CPU.Build.0 = Release|Any CPU
	EndGlobalSection
	GlobalSection(SolutionProperties) = preSolution
		HideSolutionNode = FALSE
	EndGlobalSection
	GlobalSection(ExtensibilityGlobals) = postSolution
		SolutionGuid = {E757A6D8-AF28-4F24-B488-CDD45CB07DC7}
	EndGlobalSection
EndGlobal
